{
  "name": "roman-numeral-set",
  "version": "1.0.0-0",
  "lockfileVersion": 2,
  "requires": true,
  "packages": {
    "": {
      "name": "roman-numeral-set",
      "version": "1.0.0-0",
      "license": "MPL-2.0",
      "devDependencies": {
        "@actjs.on/cop-fy": "1.0.0-18",
        "@types/node": "~14.14.37",
        "typescript": "~4.0.2"
      }
    },
    "node_modules/@actjs.on/cop-fy": {
      "version": "1.0.0-18",
      "resolved": "https://registry.npmjs.org/@actjs.on/cop-fy/-/cop-fy-1.0.0-18.tgz",
      "integrity": "sha512-P7ezdme3AWPt+n1ZQDnLh9jn2apxb8DrjuIztLCIu1eFo2nJO0GO3NMYZ3Gc7TbxmzsYv3bB3H922O+15pdBOg==",
      "dev": true,
      "dependencies": {
        "@actjs.on/no-dir": "1.0.0-4"
      }
    },
    "node_modules/@actjs.on/graphite": {
      "version": "1.0.0-4",
      "resolved": "https://registry.npmjs.org/@actjs.on/graphite/-/graphite-1.0.0-4.tgz",
      "integrity": "sha512-8HaE9LlfjiSeyyap9l/Wghu3O+fMYOcXrXHwpRjp0Q5vSI/9nEVk/Ir19EOTm6Wk5AKlVaWoE7F5rDFjjU9XuA==",
      "dev": true
    },
    "node_modules/@actjs.on/mathrix": {
      "version": "1.0.0-4",
      "resolved": "https://registry.npmjs.org/@actjs.on/mathrix/-/mathrix-1.0.0-4.tgz",
      "integrity": "sha512-/3Z44Jhl4iO4wb6LkyeYcTCtUM7by8zwNiMTeKtTE1YmEIHs2QZ/QMfFT1S+/Yz9sIXTgpQYisr4Lv1EDZi+8w==",
      "dev": true
    },
    "node_modules/@actjs.on/no-dir": {
      "version": "1.0.0-4",
      "resolved": "https://registry.npmjs.org/@actjs.on/no-dir/-/no-dir-1.0.0-4.tgz",
      "integrity": "sha512-s0rO4AXcwDQsGQA7VvbN5ad1G8nUwiRJK06vDF6bBjqVbBAzGNIvEGuhRbONVPH1iOtv+9z+Mvx9keEeygdkfA==",
      "dev": true,
      "dependencies": {
        "@actjs.on/graphite": "1.0.0-4",
        "@actjs.on/mathrix": "1.0.0-4"
      }
    },
    "node_modules/@types/node": {
      "version": "14.14.43",
      "resolved": "https://registry.npmjs.org/@types/node/-/node-14.14.43.tgz",
      "integrity": "sha512-3pwDJjp1PWacPTpH0LcfhgjvurQvrZFBrC6xxjaUEZ7ifUtT32jtjPxEMMblpqd2Mvx+k8haqQJLQxolyGN/cQ==",
      "dev": true
    },
    "node_modules/typescript": {
      "version": "4.0.7",
      "resolved": "https://registry.npmjs.org/typescript/-/typescript-4.0.7.tgz",
      "integrity": "sha512-yi7M4y74SWvYbnazbn8/bmJmX4Zlej39ZOqwG/8dut/MYoSQ119GY9ZFbbGsD4PFZYWxqik/XsP3vk3+W5H3og==",
      "dev": true,
      "bin": {
        "tsc": "bin/tsc",
        "tsserver": "bin/tsserver"
      },
      "engines": {
        "node": ">=4.2.0"
      }
    }
  },
  "dependencies": {
    "@actjs.on/cop-fy": {
      "version": "1.0.0-18",
      "resolved": "https://registry.npmjs.org/@actjs.on/cop-fy/-/cop-fy-1.0.0-18.tgz",
      "integrity": "sha512-P7ezdme3AWPt+n1ZQDnLh9jn2apxb8DrjuIztLCIu1eFo2nJO0GO3NMYZ3Gc7TbxmzsYv3bB3H922O+15pdBOg==",
      "dev": true,
      "requires": {
        "@actjs.on/no-dir": "1.0.0-4"
      }
    },
    "@actjs.on/graphite": {
      "version": "1.0.0-4",
      "resolved": "https://registry.npmjs.org/@actjs.on/graphite/-/graphite-1.0.0-4.tgz",
      "integrity": "sha512-8HaE9LlfjiSeyyap9l/Wghu3O+fMYOcXrXHwpRjp0Q5vSI/9nEVk/Ir19EOTm6Wk5AKlVaWoE7F5rDFjjU9XuA==",
      "dev": true
    },
    "@actjs.on/mathrix": {
      "version": "1.0.0-4",
      "resolved": "https://registry.npmjs.org/@actjs.on/mathrix/-/mathrix-1.0.0-4.tgz",
      "integrity": "sha512-/3Z44Jhl4iO4wb6LkyeYcTCtUM7by8zwNiMTeKtTE1YmEIHs2QZ/QMfFT1S+/Yz9sIXTgpQYisr4Lv1EDZi+8w==",
      "dev": true
    },
    "@actjs.on/no-dir": {
      "version": "1.0.0-4",
      "resolved": "https://registry.npmjs.org/@actjs.on/no-dir/-/no-dir-1.0.0-4.tgz",
      "integrity": "sha512-s0rO4AXcwDQsGQA7VvbN5ad1G8nUwiRJK06vDF6bBjqVbBAzGNIvEGuhRbONVPH1iOtv+9z+Mvx9keEeygdkfA==",
      "dev": true,
      "requires": {
        "@actjs.on/graphite": "1.0.0-4",
        "@actjs.on/mathrix": "1.0.0-4"
      }
    },
    "@types/node": {
      "version": "14.14.43",
      "resolved": "https://registry.npmjs.org/@types/node/-/node-14.14.43.tgz",
      "integrity": "sha512-3pwDJjp1PWacPTpH0LcfhgjvurQvrZFBrC6xxjaUEZ7ifUtT32jtjPxEMMblpqd2Mvx+k8haqQJLQxolyGN/cQ==",
      "dev": true
    },
    "typescript": {
      "version": "4.0.7",
      "resolved": "https://registry.npmjs.org/typescript/-/typescript-4.0.7.tgz",
      "integrity": "sha512-yi7M4y74SWvYbnazbn8/bmJmX4Zlej39ZOqwG/8dut/MYoSQ119GY9ZFbbGsD4PFZYWxqik/XsP3vk3+W5H3og==",
      "dev": true
    }
  }
}
