{
  "name": "roman-numeral-set",
  "version": "1.0.0-rc.1",
  "lockfileVersion": 1,
  "requires": true,
  "dependencies": {
    "@actjs.on/cop-fy": {
      "version": "1.0.0-rc.17",
      "resolved": "https://registry.npmjs.org/@actjs.on/cop-fy/-/cop-fy-1.0.0-rc.17.tgz",
      "integrity": "sha512-IJOQJJiF+PcJNv5oYbsw4mL7O6fw7iDI3z4Da0QIAy8mFEa964WjWqgIXCbHoQy5WBv0vUEYOtolQpKULI3Zfw==",
      "dev": true,
      "requires": {
        "@actjs.on/nodir": "1.0.0-rc.6"
      }
    },
    "@actjs.on/graphite": {
      "version": "1.0.0-rc.9",
      "resolved": "https://registry.npmjs.org/@actjs.on/graphite/-/graphite-1.0.0-rc.9.tgz",
      "integrity": "sha512-AFDViVxX1ZFKTrjFEZKnvR1EkXMfVGnuUvYaabCwuwnScA4RbpigD1kPB0SSRlCQDzDeUENJCE2JGho48RXODQ==",
      "dev": true
    },
    "@actjs.on/nodir": {
      "version": "1.0.0-rc.6",
      "resolved": "https://registry.npmjs.org/@actjs.on/nodir/-/nodir-1.0.0-rc.6.tgz",
      "integrity": "sha512-+rgCqYo1A3jvNpj5hJDLg0gkDsvohXt9ZQrTTTeE6D+ofQnhEVIaw6WLVxFi0kG/hsgcI3x+ZKv4cCc9PiQ1yg==",
      "dev": true,
      "requires": {
        "@actjs.on/graphite": "1.0.0-rc.9"
      }
    },
    "@types/node": {
      "version": "14.14.43",
      "resolved": "https://registry.npmjs.org/@types/node/-/node-14.14.43.tgz",
      "integrity": "sha512-3pwDJjp1PWacPTpH0LcfhgjvurQvrZFBrC6xxjaUEZ7ifUtT32jtjPxEMMblpqd2Mvx+k8haqQJLQxolyGN/cQ==",
      "dev": true
    },
    "typescript": {
      "version": "4.0.7",
      "resolved": "https://registry.npmjs.org/typescript/-/typescript-4.0.7.tgz",
      "integrity": "sha512-yi7M4y74SWvYbnazbn8/bmJmX4Zlej39ZOqwG/8dut/MYoSQ119GY9ZFbbGsD4PFZYWxqik/XsP3vk3+W5H3og==",
      "dev": true
    }
  }
}
