{
  "name": "roman-numeral-set",
  "version": "1.0.0-rc.1",
  "lockfileVersion": 1,
  "requires": true,
  "dependencies": {
    "@actjs.on/cop-fy": {
      "version": "1.0.0-rc.13",
      "resolved": "https://registry.npmjs.org/@actjs.on/cop-fy/-/cop-fy-1.0.0-rc.13.tgz",
      "integrity": "sha512-ragy2gC+SHFtmG3Gua1nl6neAqIir5WOKC01BGMrldwuclXIsg8ANVew0F6XvvQGoHR/Xn+94Iq3hwvuklxdvQ==",
      "dev": true,
      "requires": {
        "@actjs.on/nodir": "1.0.0-rc.3"
      }
    },
    "@actjs.on/graphite": {
      "version": "1.0.0-rc.5",
      "resolved": "https://registry.npmjs.org/@actjs.on/graphite/-/graphite-1.0.0-rc.5.tgz",
      "integrity": "sha512-dChGZ+tWObqZfo18t+xd5pZAfTn6OxjkJ8YrnKK7OOe5YhudiRxSL5LNu14J7Q+EoRBHIOXTsJmBTjl7Y6CXUA==",
      "dev": true
    },
    "@actjs.on/nodir": {
      "version": "1.0.0-rc.3",
      "resolved": "https://registry.npmjs.org/@actjs.on/nodir/-/nodir-1.0.0-rc.3.tgz",
      "integrity": "sha512-2stv31Sgo7U0uNOM/HAoJlZADlvjhOvbXNjEh2o7AZ+9YkRatTdELRcGS/h31VoahTFTh6VsGjY9/D4ndbdirg==",
      "dev": true,
      "requires": {
        "@actjs.on/graphite": "1.0.0-rc.5"
      }
    },
    "@types/node": {
      "version": "14.14.43",
      "resolved": "https://registry.npmjs.org/@types/node/-/node-14.14.43.tgz",
      "integrity": "sha512-3pwDJjp1PWacPTpH0LcfhgjvurQvrZFBrC6xxjaUEZ7ifUtT32jtjPxEMMblpqd2Mvx+k8haqQJLQxolyGN/cQ==",
      "dev": true
    },
    "typescript": {
      "version": "4.0.7",
      "resolved": "https://registry.npmjs.org/typescript/-/typescript-4.0.7.tgz",
      "integrity": "sha512-yi7M4y74SWvYbnazbn8/bmJmX4Zlej39ZOqwG/8dut/MYoSQ119GY9ZFbbGsD4PFZYWxqik/XsP3vk3+W5H3og==",
      "dev": true
    }
  }
}
